
Microsoft Visual Studio Solution File, Format Version 12.00
# Visual Studio Version 17
VisualStudioVersion = 17.5.33516.290
MinimumVisualStudioVersion = 10.0.40219.1
Project("{FAE04EC0-301F-11D3-BF4B-00C04F79EFBC}") = "ASP.NETCoreApplication", "ASP.NETCoreApplication\ASP.NETCoreApplication.csproj", "{0BEF43F8-E0E5-4850-8138-BF48DB7E4727}"
EndProject
Global
	GlobalSection(SolutionConfigurationPlatforms) = preSolution
		Debug|Any CPU = Debug|Any CPU
		Release|Any CPU = Release|Any CPU
	EndGlobalSection
	GlobalSection(ProjectConfigurationPlatforms) = postSolution
		{0BEF43F8-E0E5-4850-8138-BF48DB7E4727}.Debug|Any CPU.ActiveCfg = Debug|Any CPU
		{0BEF43F8-E0E5-4850-8138-BF48DB7E4727}.Debug|Any CPU.Build.0 = Debug|Any CPU
		{0BEF43F8-E0E5-4850-8138-BF48DB7E4727}.Release|Any CPU.ActiveCfg = Release|Any CPU
		{0BEF43F8-E0E5-4850-8138-BF48DB7E4727}.Release|Any CPU.Build.0 = Release|Any CPU
	EndGlobalSection
	GlobalSection(SolutionProperties) = preSolution
		HideSolutionNode = FALSE
	EndGlobalSection
	GlobalSection(ExtensibilityGlobals) = postSolution
		SolutionGuid = {7D42786A-5F60-4F5A-8C2A-E6CBE0E85743}
	EndGlobalSection
EndGlobal
